{
  "version": 4,
  "terraform_version": "1.12.0",
  "serial": 5,
  "lineage": "5711a201-70fe-561b-5a9f-76a17e9dfd0f",
  "outputs": {},
  "resources": [
    {
      "module": "module.database_instance",
      "mode": "managed",
      "type": "google_sql_database_instance",
      "name": "mypostgresinstance",
      "provider": "provider[\"registry.terraform.io/hashicorp/google\"]",
      "instances": [
        {
          "index_key": "creatinginstancenewwww",
          "schema_version": 0,
          "attributes": {
            "available_maintenance_versions": [],
            "clone": [],
            "connection_name": "nemesh-playground:us-central1:creatinginstancenewwww",
            "database_version": "POSTGRES_15",
            "deletion_protection": true,
            "dns_name": "",
            "dns_names": [],
            "encryption_key_name": null,
            "first_ip_address": "34.56.205.30",
            "id": "creatinginstancenewwww",
            "instance_type": "CLOUD_SQL_INSTANCE",
            "ip_address": [
              {
                "ip_address": "34.56.205.30",
                "time_to_retire": "",
                "type": "PRIMARY"
              },
              {
                "ip_address": "34.44.156.24",
                "time_to_retire": "",
                "type": "OUTGOING"
              }
            ],
            "maintenance_version": "POSTGRES_15_13.R20250302.00_31",
            "master_instance_name": "",
            "name": "creatinginstancenewwww",
            "private_ip_address": "",
            "project": "nemesh-playground",
            "psc_service_attachment_link": "",
            "public_ip_address": "34.56.205.30",
            "region": "us-central1",
            "replica_configuration": [],
            "replica_names": [],
            "replication_cluster": [
              {
                "dr_replica": false,
                "failover_dr_replica_name": ""
              }
            ],
            "restore_backup_context": [],
            "root_password": null,
            "self_link": "https://sqladmin.googleapis.com/sql/v1beta4/projects/nemesh-playground/instances/creatinginstancenewwww",
            "server_ca_cert": [
              {
                "cert": "-----BEGIN CERTIFICATE-----\nMIIDfzCCAmegAwIBAgIBADANBgkqhkiG9w0BAQsFADB3MS0wKwYDVQQuEyQ1ZDcy\nZDVmMC1jODIyLTQ3MjktYTVjNC0yNDE5MTc3Yzk1NGExIzAhBgNVBAMTGkdvb2ds\nZSBDbG91ZCBTUUwgU2VydmVyIENBMRQwEgYDVQQKEwtHb29nbGUsIEluYzELMAkG\nA1UEBhMCVVMwHhcNMjUwNTI5MTAyOTI3WhcNMzUwNTI3MTAzMDI3WjB3MS0wKwYD\nVQQuEyQ1ZDcyZDVmMC1jODIyLTQ3MjktYTVjNC0yNDE5MTc3Yzk1NGExIzAhBgNV\nBAMTGkdvb2dsZSBDbG91ZCBTUUwgU2VydmVyIENBMRQwEgYDVQQKEwtHb29nbGUs\nIEluYzELMAkGA1UEBhMCVVMwggEiMA0GCSqGSIb3DQEBAQUAA4IBDwAwggEKAoIB\nAQCthyWegLkWhTlSlF5QPYzpsqqaCKbxz7xu7WG1JrcRwPXlcYO0xOwbF4D7ZNy/\n2a98O1t9NZAS9EwEUNecdz5yFvcUQ9N+t/taQT3aKm4YsP+PR6WWa0lDzz6MuHUZ\nnRb76GEMlbrtHXZEe368f3FgUegih8Fb7VpfVx8OXhMTtxj5ULTkD3XKkWKa7dcN\nG2kX6+c1WrKJEvqOV6Yt9kNG4UlY7vDi5+XJX713lJxKsEgkWbjKeJ0dBgUFhaeo\ne6Ak67yVx7Zc9k5z1dNcoiAl3oUj+gEatvSnIY5AiVMT4/60h2c8kQA9Sz9LHQBD\njprsHnzBxaoiIP5bGVJKKPi7AgMBAAGjFjAUMBIGA1UdEwEB/wQIMAYBAf8CAQAw\nDQYJKoZIhvcNAQELBQADggEBADupkDgMDygAno/tVj8BqguKPPN+aEUC9nviozlL\n3NZULBzu38yJikfs8rTpxpe1hfuI2WCRcB+gMMnfctojswH0hxY8IeX3NnzIy/Ky\nh5E9n9BW6YDqfuZ6YWFmDo4h00typWJezxrKa4TezN6gSp6F6WczLzbzHIx2O02g\nidDZIlmh2n36JZe+SfnDrBOwRVMU0Fy6eoapLEHgNRj7K9bE3y4QXZoWVXidxcVy\nTK8oVrnc10csq6DR4gHgoyJqRZ4z6l6d/WTYKq8/Uwf6j0N8PiPIw69KZkQS3ZCg\nN3aH471hYtoN8/UVmzOD1zRWMm4+y2rUYqELs1Eo2mfqsDk=\n-----END CERTIFICATE-----",
                "common_name": "C=US,O=Google\\, Inc,CN=Google Cloud SQL Server CA,dnQualifier=5d72d5f0-c822-4729-a5c4-2419177c954a",
                "create_time": "2025-05-29T10:29:27.445Z",
                "expiration_time": "2035-05-27T10:30:27.445Z",
                "sha1_fingerprint": "0698115160ec1d7771b88c65bb07dd881d1537be"
              }
            ],
            "service_account_email_address": "p294382969294-vrp6ql@gcp-sa-cloud-sql.iam.gserviceaccount.com",
            "settings": [
              {
                "activation_policy": "ALWAYS",
                "active_directory_config": [],
                "advanced_machine_features": [],
                "availability_type": "ZONAL",
                "backup_configuration": [
                  {
                    "backup_retention_settings": [
                      {
                        "retained_backups": 7,
                        "retention_unit": "COUNT"
                      }
                    ],
                    "binary_log_enabled": false,
                    "enabled": false,
                    "location": "",
                    "point_in_time_recovery_enabled": false,
                    "start_time": "02:00",
                    "transaction_log_retention_days": 7
                  }
                ],
                "collation": "",
                "connection_pool_config": [],
                "connector_enforcement": "NOT_REQUIRED",
                "data_cache_config": [
                  {
                    "data_cache_enabled": false
                  }
                ],
                "database_flags": [],
                "deletion_protection_enabled": false,
                "deny_maintenance_period": [],
                "disk_autoresize": true,
                "disk_autoresize_limit": 0,
                "disk_size": 10,
                "disk_type": "PD_SSD",
                "edition": "ENTERPRISE",
                "enable_dataplex_integration": false,
                "enable_google_ml_integration": false,
                "insights_config": [],
                "ip_configuration": [
                  {
                    "allocated_ip_range": "",
                    "authorized_networks": [],
                    "custom_subject_alternative_names": [],
                    "enable_private_path_for_google_cloud_services": false,
                    "ipv4_enabled": true,
                    "private_network": "",
                    "psc_config": [],
                    "server_ca_mode": "GOOGLE_MANAGED_INTERNAL_CA",
                    "server_ca_pool": "",
                    "ssl_mode": "ALLOW_UNENCRYPTED_AND_ENCRYPTED"
                  }
                ],
                "location_preference": [
                  {
                    "follow_gae_application": "",
                    "secondary_zone": "",
                    "zone": "us-central1-f"
                  }
                ],
                "maintenance_window": [],
                "password_validation_policy": [],
                "pricing_plan": "PER_USE",
                "retain_backups_on_delete": false,
                "sql_server_audit_config": [],
                "tier": "db-f1-micro",
                "time_zone": "",
                "user_labels": {},
                "version": 1
              }
            ],
            "timeouts": null
          },
          "sensitive_attributes": [
            [
              {
                "type": "get_attr",
                "value": "root_password"
              }
            ],
            [
              {
                "type": "get_attr",
                "value": "server_ca_cert"
              }
            ]
          ],
          "identity_schema_version": 0,
          "private": "eyJlMmJmYjczMC1lY2FhLTExZTYtOGY4OC0zNDM2M2JjN2M0YzAiOnsiY3JlYXRlIjo1NDAwMDAwMDAwMDAwLCJkZWxldGUiOjU0MDAwMDAwMDAwMDAsInVwZGF0ZSI6NTQwMDAwMDAwMDAwMH19"
        }
      ]
    }
  ],
  "check_results": null
}
