{
  "version": 4,
  "terraform_version": "1.12.0",
  "serial": 24,
  "lineage": "abaae292-cb7c-38cf-9db5-1fc83ce6add9",
  "outputs": {
    "bucket_names": {
      "value": {
        "user5-testingbuckhaha": "user5-testingbuckhaha"
      },
      "type": [
        "object",
        {
          "user5-testingbuckhaha": "string"
        }
      ]
    }
  },
  "resources": [
    {
      "mode": "managed",
      "type": "google_storage_bucket",
      "name": "mybucket",
      "provider": "provider[\"registry.terraform.io/hashicorp/google\"]",
      "instances": [
        {
          "index_key": "user5-testingbuckhaha",
          "schema_version": 3,
          "attributes": {
            "autoclass": [],
            "cors": [],
            "custom_placement_config": [],
            "default_event_based_hold": false,
            "effective_labels": {
              "goog-terraform-provisioned": "true"
            },
            "enable_object_retention": false,
            "encryption": [],
            "force_destroy": false,
            "hierarchical_namespace": [
              {
                "enabled": false
              }
            ],
            "id": "user5-testingbuckhaha",
            "ip_filter": [],
            "labels": null,
            "lifecycle_rule": [],
            "location": "US-CENTRAL1",
            "logging": [],
            "name": "user5-testingbuckhaha",
            "project": "nemesh-playground",
            "project_number": 294382969294,
            "public_access_prevention": "inherited",
            "requester_pays": false,
            "retention_policy": [],
            "rpo": null,
            "self_link": "https://www.googleapis.com/storage/v1/b/user5-testingbuckhaha",
            "soft_delete_policy": [
              {
                "effective_time": "2025-05-29T10:09:15.944Z",
                "retention_duration_seconds": 604800
              }
            ],
            "storage_class": "STANDARD",
            "terraform_labels": {
              "goog-terraform-provisioned": "true"
            },
            "time_created": "2025-05-29T10:09:15.944Z",
            "timeouts": null,
            "uniform_bucket_level_access": false,
            "updated": "2025-05-29T10:09:15.944Z",
            "url": "gs://user5-testingbuckhaha",
            "versioning": [],
            "website": []
          },
          "sensitive_attributes": [],
          "identity_schema_version": 0,
          "private": "eyJlMmJmYjczMC1lY2FhLTExZTYtOGY4OC0zNDM2M2JjN2M0YzAiOnsiY3JlYXRlIjo2MDAwMDAwMDAwMDAsInJlYWQiOjI0MDAwMDAwMDAwMCwidXBkYXRlIjoyNDAwMDAwMDAwMDB9LCJzY2hlbWFfdmVyc2lvbiI6IjMifQ=="
        }
      ]
    }
  ],
  "check_results": null
}
