{
  "version": 4,
  "terraform_version": "1.12.0",
  "serial": 1,
  "lineage": "134380dd-b952-44e7-c7ce-ec45a24f4dc7",
  "outputs": {},
  "resources": [
    {
      "mode": "managed",
      "type": "google_sql_database",
      "name": "mydatabase",
      "provider": "provider[\"registry.terraform.io/hashicorp/google\"]",
      "instances": [
        {
          "schema_version": 0,
          "attributes": {
            "charset": "UTF8",
            "collation": "en_US.UTF8",
            "deletion_policy": "DELETE",
            "id": "projects/terra-460008/instances/user3-instance/databases/user3-db",
            "instance": "user3-instance",
            "name": "user3-db",
            "project": "terra-460008",
            "self_link": "https://sqladmin.googleapis.com/sql/v1beta4/projects/terra-460008/instances/user3-instance/databases/user3-db",
            "timeouts": null
          },
          "sensitive_attributes": [],
          "identity_schema_version": 0,
          "private": "eyJlMmJmYjczMC1lY2FhLTExZTYtOGY4OC0zNDM2M2JjN2M0YzAiOnsiY3JlYXRlIjoxMjAwMDAwMDAwMDAwLCJkZWxldGUiOjEyMDAwMDAwMDAwMDAsInVwZGF0ZSI6MTIwMDAwMDAwMDAwMH19"
        }
      ]
    }
  ],
  "check_results": null
}
