{
  "version": 4,
  "terraform_version": "1.12.0",
  "serial": 14,
  "lineage": "f09765c0-f554-5049-f3a1-0143ff7e8931",
  "outputs": {},
  "resources": [
    {
      "module": "module.database",
      "mode": "managed",
      "type": "google_sql_database",
      "name": "mydatabase",
      "provider": "provider[\"registry.terraform.io/hashicorp/google\"]",
      "instances": [
        {
          "index_key": "testinginstance.testingdbuser776",
          "schema_version": 0,
          "attributes": {
            "charset": "UTF8",
            "collation": "en_US.UTF8",
            "deletion_policy": "DELETE",
            "id": "projects/nemesh-playground/instances/testinginstance/databases/testingdbuser776",
            "instance": "testinginstance",
            "name": "testingdbuser776",
            "project": "nemesh-playground",
            "self_link": "https://sqladmin.googleapis.com/sql/v1beta4/projects/nemesh-playground/instances/testinginstance/databases/testingdbuser776",
            "timeouts": null
          },
          "sensitive_attributes": [],
          "identity_schema_version": 0,
          "private": "eyJlMmJmYjczMC1lY2FhLTExZTYtOGY4OC0zNDM2M2JjN2M0YzAiOnsiY3JlYXRlIjoxMjAwMDAwMDAwMDAwLCJkZWxldGUiOjEyMDAwMDAwMDAwMDAsInVwZGF0ZSI6MTIwMDAwMDAwMDAwMH19"
        },
        {
          "index_key": "testinginstance.testingdbuser88669",
          "schema_version": 0,
          "attributes": {
            "charset": "UTF8",
            "collation": "en_US.UTF8",
            "deletion_policy": "DELETE",
            "id": "projects/nemesh-playground/instances/testinginstance/databases/testingdbuser88669",
            "instance": "testinginstance",
            "name": "testingdbuser88669",
            "project": "nemesh-playground",
            "self_link": "https://sqladmin.googleapis.com/sql/v1beta4/projects/nemesh-playground/instances/testinginstance/databases/testingdbuser88669",
            "timeouts": null
          },
          "sensitive_attributes": [],
          "identity_schema_version": 0,
          "private": "eyJlMmJmYjczMC1lY2FhLTExZTYtOGY4OC0zNDM2M2JjN2M0YzAiOnsiY3JlYXRlIjoxMjAwMDAwMDAwMDAwLCJkZWxldGUiOjEyMDAwMDAwMDAwMDAsInVwZGF0ZSI6MTIwMDAwMDAwMDAwMH19"
        }
      ]
    }
  ],
  "check_results": null
}
