{
  "version": 4,
  "terraform_version": "1.12.0",
  "serial": 7,
  "lineage": "bdf6975c-7110-93a3-f3a0-2ec0569c1f5b",
  "outputs": {},
  "resources": [
    {
      "module": "module.static_site_bucket",
      "mode": "managed",
      "type": "google_storage_bucket",
      "name": "mybucket",
      "provider": "provider[\"registry.terraform.io/hashicorp/google\"]",
      "instances": [
        {
          "index_key": "user-11-lb-static-site",
          "schema_version": 3,
          "attributes": {
            "autoclass": [],
            "cors": [],
            "custom_placement_config": [],
            "default_event_based_hold": false,
            "effective_labels": {
              "goog-terraform-provisioned": "true",
              "purpose": "static-site"
            },
            "enable_object_retention": false,
            "encryption": [],
            "force_destroy": false,
            "hierarchical_namespace": [
              {
                "enabled": false
              }
            ],
            "id": "user-11-lb-static-site",
            "ip_filter": [],
            "labels": {
              "purpose": "static-site"
            },
            "lifecycle_rule": [],
            "location": "US-CENTRAL1",
            "logging": [],
            "name": "user-11-lb-static-site",
            "project": "nemesh-playground",
            "project_number": 294382969294,
            "public_access_prevention": "inherited",
            "requester_pays": false,
            "retention_policy": [],
            "rpo": null,
            "self_link": "https://www.googleapis.com/storage/v1/b/user-11-lb-static-site",
            "soft_delete_policy": [
              {
                "effective_time": "2025-06-09T06:28:33.461Z",
                "retention_duration_seconds": 604800
              }
            ],
            "storage_class": "STANDARD",
            "terraform_labels": {
              "goog-terraform-provisioned": "true",
              "purpose": "static-site"
            },
            "time_created": "2025-06-09T06:28:33.461Z",
            "timeouts": null,
            "uniform_bucket_level_access": false,
            "updated": "2025-06-09T06:28:33.461Z",
            "url": "gs://user-11-lb-static-site",
            "versioning": [],
            "website": []
          },
          "sensitive_attributes": [],
          "identity_schema_version": 0,
          "private": "eyJlMmJmYjczMC1lY2FhLTExZTYtOGY4OC0zNDM2M2JjN2M0YzAiOnsiY3JlYXRlIjo2MDAwMDAwMDAwMDAsInJlYWQiOjI0MDAwMDAwMDAwMCwidXBkYXRlIjoyNDAwMDAwMDAwMDB9LCJzY2hlbWFfdmVyc2lvbiI6IjMifQ=="
        }
      ]
    },
    {
      "module": "module.static_site_lb",
      "mode": "managed",
      "type": "google_compute_backend_bucket",
      "name": "backend_bucket",
      "provider": "provider[\"registry.terraform.io/hashicorp/google\"]",
      "instances": [
        {
          "index_key": "user-11-lb",
          "schema_version": 0,
          "attributes": {
            "bucket_name": "user-11-lb-static-site",
            "cdn_policy": [
              {
                "bypass_cache_on_request_headers": [],
                "cache_key_policy": [],
                "cache_mode": "CACHE_ALL_STATIC",
                "client_ttl": 3600,
                "default_ttl": 3600,
                "max_ttl": 86400,
                "negative_caching": true,
                "negative_caching_policy": [],
                "request_coalescing": true,
                "serve_while_stale": 86400,
                "signed_url_cache_max_age_sec": 0
              }
            ],
            "compression_mode": "",
            "creation_timestamp": "2025-06-08T23:28:36.039-07:00",
            "custom_response_headers": null,
            "description": "",
            "edge_security_policy": "",
            "enable_cdn": true,
            "id": "projects/nemesh-playground/global/backendBuckets/user-11-lb-backend-bucket",
            "name": "user-11-lb-backend-bucket",
            "project": "nemesh-playground",
            "self_link": "https://www.googleapis.com/compute/v1/projects/nemesh-playground/global/backendBuckets/user-11-lb-backend-bucket",
            "timeouts": null
          },
          "sensitive_attributes": [],
          "identity_schema_version": 0,
          "private": "eyJlMmJmYjczMC1lY2FhLTExZTYtOGY4OC0zNDM2M2JjN2M0YzAiOnsiY3JlYXRlIjoxMjAwMDAwMDAwMDAwLCJkZWxldGUiOjEyMDAwMDAwMDAwMDAsInVwZGF0ZSI6MTIwMDAwMDAwMDAwMH19",
          "dependencies": [
            "module.static_site_bucket.google_storage_bucket.mybucket"
          ]
        }
      ]
    },
    {
      "module": "module.static_site_lb",
      "mode": "managed",
      "type": "google_compute_global_address",
      "name": "lb_ip",
      "provider": "provider[\"registry.terraform.io/hashicorp/google\"]",
      "instances": [
        {
          "index_key": "user-11-lb",
          "schema_version": 0,
          "attributes": {
            "address": "34.54.26.123",
            "address_type": "EXTERNAL",
            "creation_timestamp": "2025-06-08T23:28:36.192-07:00",
            "description": "",
            "effective_labels": {
              "goog-terraform-provisioned": "true"
            },
            "id": "projects/nemesh-playground/global/addresses/user-11-lb-ip",
            "ip_version": "",
            "label_fingerprint": "vezUS-42LLM=",
            "labels": null,
            "name": "user-11-lb-ip",
            "network": "",
            "prefix_length": 0,
            "project": "nemesh-playground",
            "purpose": "",
            "self_link": "https://www.googleapis.com/compute/v1/projects/nemesh-playground/global/addresses/user-11-lb-ip",
            "terraform_labels": {
              "goog-terraform-provisioned": "true"
            },
            "timeouts": null
          },
          "sensitive_attributes": [],
          "identity_schema_version": 0,
          "private": "eyJlMmJmYjczMC1lY2FhLTExZTYtOGY4OC0zNDM2M2JjN2M0YzAiOnsiY3JlYXRlIjoxMjAwMDAwMDAwMDAwLCJkZWxldGUiOjEyMDAwMDAwMDAwMDAsInVwZGF0ZSI6MTIwMDAwMDAwMDAwMH19",
          "dependencies": [
            "module.static_site_bucket.google_storage_bucket.mybucket"
          ]
        }
      ]
    },
    {
      "module": "module.static_site_lb",
      "mode": "managed",
      "type": "google_compute_global_forwarding_rule",
      "name": "forwarding_rule",
      "provider": "provider[\"registry.terraform.io/hashicorp/google\"]",
      "instances": [
        {
          "index_key": "user-11-lb",
          "schema_version": 0,
          "attributes": {
            "base_forwarding_rule": "",
            "description": "",
            "effective_labels": {},
            "external_managed_backend_bucket_migration_state": "",
            "external_managed_backend_bucket_migration_testing_percentage": 0,
            "forwarding_rule_id": 2049522061296779734,
            "id": "projects/nemesh-playground/global/forwardingRules/user-11-lb-fwd-rule",
            "ip_address": "34.54.26.123",
            "ip_protocol": "TCP",
            "ip_version": "",
            "label_fingerprint": "42WmSpB8rSM=",
            "labels": null,
            "load_balancing_scheme": "EXTERNAL",
            "metadata_filters": [],
            "name": "user-11-lb-fwd-rule",
            "network": "",
            "network_tier": "PREMIUM",
            "no_automate_dns_zone": null,
            "port_range": "80-80",
            "project": "nemesh-playground",
            "psc_connection_id": "",
            "psc_connection_status": "",
            "self_link": "https://www.googleapis.com/compute/v1/projects/nemesh-playground/global/forwardingRules/user-11-lb-fwd-rule",
            "service_directory_registrations": [],
            "source_ip_ranges": null,
            "subnetwork": "",
            "target": "https://www.googleapis.com/compute/v1/projects/nemesh-playground/global/targetHttpProxies/user-11-lb-http-proxy",
            "terraform_labels": {},
            "timeouts": null
          },
          "sensitive_attributes": [],
          "identity_schema_version": 0,
          "private": "eyJlMmJmYjczMC1lY2FhLTExZTYtOGY4OC0zNDM2M2JjN2M0YzAiOnsiY3JlYXRlIjoxMjAwMDAwMDAwMDAwLCJkZWxldGUiOjEyMDAwMDAwMDAwMDAsInVwZGF0ZSI6MTIwMDAwMDAwMDAwMH19",
          "dependencies": [
            "module.static_site_bucket.google_storage_bucket.mybucket",
            "module.static_site_lb.google_compute_backend_bucket.backend_bucket",
            "module.static_site_lb.google_compute_backend_service.backend",
            "module.static_site_lb.google_compute_global_address.lb_ip",
            "module.static_site_lb.google_compute_target_http_proxy.http_proxy",
            "module.static_site_lb.google_compute_url_map.url_map"
          ]
        }
      ]
    },
    {
      "module": "module.static_site_lb",
      "mode": "managed",
      "type": "google_compute_target_http_proxy",
      "name": "http_proxy",
      "provider": "provider[\"registry.terraform.io/hashicorp/google\"]",
      "instances": [
        {
          "index_key": "user-11-lb",
          "schema_version": 0,
          "attributes": {
            "creation_timestamp": "2025-06-08T23:29:00.925-07:00",
            "description": "",
            "http_keep_alive_timeout_sec": 0,
            "id": "projects/nemesh-playground/global/targetHttpProxies/user-11-lb-http-proxy",
            "name": "user-11-lb-http-proxy",
            "project": "nemesh-playground",
            "proxy_bind": false,
            "proxy_id": 1282916587039080899,
            "self_link": "https://www.googleapis.com/compute/v1/projects/nemesh-playground/global/targetHttpProxies/user-11-lb-http-proxy",
            "timeouts": null,
            "url_map": "https://www.googleapis.com/compute/v1/projects/nemesh-playground/global/urlMaps/user-11-lb-url-map"
          },
          "sensitive_attributes": [],
          "identity_schema_version": 0,
          "private": "eyJlMmJmYjczMC1lY2FhLTExZTYtOGY4OC0zNDM2M2JjN2M0YzAiOnsiY3JlYXRlIjoxMjAwMDAwMDAwMDAwLCJkZWxldGUiOjEyMDAwMDAwMDAwMDAsInVwZGF0ZSI6MTIwMDAwMDAwMDAwMH19",
          "dependencies": [
            "module.static_site_bucket.google_storage_bucket.mybucket",
            "module.static_site_lb.google_compute_backend_bucket.backend_bucket",
            "module.static_site_lb.google_compute_backend_service.backend",
            "module.static_site_lb.google_compute_url_map.url_map"
          ]
        }
      ]
    },
    {
      "module": "module.static_site_lb",
      "mode": "managed",
      "type": "google_compute_url_map",
      "name": "url_map",
      "provider": "provider[\"registry.terraform.io/hashicorp/google\"]",
      "instances": [
        {
          "index_key": "user-11-lb",
          "schema_version": 0,
          "attributes": {
            "creation_timestamp": "2025-06-08T23:28:48.587-07:00",
            "default_route_action": [],
            "default_service": "https://www.googleapis.com/compute/v1/projects/nemesh-playground/global/backendBuckets/user-11-lb-backend-bucket",
            "default_url_redirect": [],
            "description": "",
            "fingerprint": "j-wCMMO3hf8=",
            "header_action": [],
            "host_rule": [],
            "id": "projects/nemesh-playground/global/urlMaps/user-11-lb-url-map",
            "map_id": 9110940516352770511,
            "name": "user-11-lb-url-map",
            "path_matcher": [],
            "project": "nemesh-playground",
            "self_link": "https://www.googleapis.com/compute/v1/projects/nemesh-playground/global/urlMaps/user-11-lb-url-map",
            "test": [],
            "timeouts": null
          },
          "sensitive_attributes": [],
          "identity_schema_version": 0,
          "private": "eyJlMmJmYjczMC1lY2FhLTExZTYtOGY4OC0zNDM2M2JjN2M0YzAiOnsiY3JlYXRlIjoxMjAwMDAwMDAwMDAwLCJkZWxldGUiOjEyMDAwMDAwMDAwMDAsInVwZGF0ZSI6MTIwMDAwMDAwMDAwMH19",
          "dependencies": [
            "module.static_site_bucket.google_storage_bucket.mybucket",
            "module.static_site_lb.google_compute_backend_bucket.backend_bucket",
            "module.static_site_lb.google_compute_backend_service.backend"
          ]
        }
      ]
    }
  ],
  "check_results": null
}
