{
  "version": 4,
  "terraform_version": "1.12.0",
  "serial": 1,
  "lineage": "1fac8b3f-55fa-8776-3b0b-0cdfc5cd00b0",
  "outputs": {},
  "resources": [
    {
      "module": "module.google_storage_bucket",
      "mode": "managed",
      "type": "google_storage_bucket",
      "name": "mybucket",
      "provider": "provider[\"registry.terraform.io/hashicorp/google\"]",
      "instances": [
        {
          "index_key": "newbucketformyuserhaha",
          "schema_version": 3,
          "attributes": {
            "autoclass": [],
            "cors": [],
            "custom_placement_config": [],
            "default_event_based_hold": false,
            "effective_labels": {
              "goog-terraform-provisioned": "true"
            },
            "enable_object_retention": false,
            "encryption": [],
            "force_destroy": false,
            "hierarchical_namespace": [
              {
                "enabled": false
              }
            ],
            "id": "newbucketformyuserhaha",
            "ip_filter": [],
            "labels": null,
            "lifecycle_rule": [],
            "location": "US-CENTRAL1",
            "logging": [],
            "name": "newbucketformyuserhaha",
            "project": "nemesh-playground",
            "project_number": 294382969294,
            "public_access_prevention": "inherited",
            "requester_pays": false,
            "retention_policy": [],
            "rpo": null,
            "self_link": "https://www.googleapis.com/storage/v1/b/newbucketformyuserhaha",
            "soft_delete_policy": [
              {
                "effective_time": "2025-06-03T10:17:43.361Z",
                "retention_duration_seconds": 604800
              }
            ],
            "storage_class": "STANDARD",
            "terraform_labels": {
              "goog-terraform-provisioned": "true"
            },
            "time_created": "2025-06-03T10:17:43.361Z",
            "timeouts": null,
            "uniform_bucket_level_access": false,
            "updated": "2025-06-03T10:17:43.361Z",
            "url": "gs://newbucketformyuserhaha",
            "versioning": [],
            "website": []
          },
          "sensitive_attributes": [],
          "identity_schema_version": 0,
          "private": "eyJlMmJmYjczMC1lY2FhLTExZTYtOGY4OC0zNDM2M2JjN2M0YzAiOnsiY3JlYXRlIjo2MDAwMDAwMDAwMDAsInJlYWQiOjI0MDAwMDAwMDAwMCwidXBkYXRlIjoyNDAwMDAwMDAwMDB9LCJzY2hlbWFfdmVyc2lvbiI6IjMifQ=="
        }
      ]
    }
  ],
  "check_results": null
}
